// !$*UTF8*$!
{
	archiveVersion = 1;
	classes = {
	};
	objectVersion = 46;
	objects = {

/* Begin PBXBuildFile section */
		4B1260871F07DDE900A17CC3 /* DataHandler.swift in Sources */ = {isa = PBXBuildFile; fileRef = 4B1260861F07DDE900A17CC3 /* DataHandler.swift */; };
		4BF6739A1F07DD3B008D53D5 /* GoogleService-Info.plist in Resources */ = {isa = PBXBuildFile; fileRef = 4BF673991F07DD3B008D53D5 /* GoogleService-Info.plist */; };
		783116DB1F07D79D00397E4E /* AppDelegate.swift in Sources */ = {isa = PBXBuildFile; fileRef = 783116DA1F07D79D00397E4E /* AppDelegate.swift */; };
		783116DD1F07D79D00397E4E /* ViewController.swift in Sources */ = {isa = PBXBuildFile; fileRef = 783116DC1F07D79D00397E4E /* ViewController.swift */; };
		783116E01F07D79D00397E4E /* Main.storyboard in Resources */ = {isa = PBXBuildFile; fileRef = 783116DE1F07D79D00397E4E /* Main.storyboard */; };
		783116E31F07D79D00397E4E /* ALC.xcdatamodeld in Sources */ = {isa = PBXBuildFile; fileRef = 783116E11F07D79D00397E4E /* ALC.xcdatamodeld */; };
		783116E51F07D79D00397E4E /* Assets.xcassets in Resources */ = {isa = PBXBuildFile; fileRef = 783116E41F07D79D00397E4E /* Assets.xcassets */; };
		783116E81F07D79D00397E4E /* LaunchScreen.storyboard in Resources */ = {isa = PBXBuildFile; fileRef = 783116E61F07D79D00397E4E /* LaunchScreen.storyboard */; };
		7838C3271F0BC49400AAAA87 /* Extensions.swift in Sources */ = {isa = PBXBuildFile; fileRef = 7838C3261F0BC49400AAAA87 /* Extensions.swift */; };
		78E49AE71F0BC6C100E86B31 /* StartTutorialVC.swift in Sources */ = {isa = PBXBuildFile; fileRef = 78E49AE61F0BC6C100E86B31 /* StartTutorialVC.swift */; };
		78E49AEA1F0BC70800E86B31 /* BaseCollectionCell.swift in Sources */ = {isa = PBXBuildFile; fileRef = 78E49AE91F0BC70800E86B31 /* BaseCollectionCell.swift */; };
		78E49AEC1F0BC74D00E86B31 /* BaseTableCell.swift in Sources */ = {isa = PBXBuildFile; fileRef = 78E49AEB1F0BC74D00E86B31 /* BaseTableCell.swift */; };
		78E49AEE1F0BC77700E86B31 /* CustomTabBar.swift in Sources */ = {isa = PBXBuildFile; fileRef = 78E49AED1F0BC77700E86B31 /* CustomTabBar.swift */; };
		BA7F2389F2C16FF95A6F69BF /* Pods_ALC.framework in Frameworks */ = {isa = PBXBuildFile; fileRef = 095A71C0D2FC9C02CAAA5C0C /* Pods_ALC.framework */; };
/* End PBXBuildFile section */

/* Begin PBXFileReference section */
		095A71C0D2FC9C02CAAA5C0C /* Pods_ALC.framework */ = {isa = PBXFileReference; explicitFileType = wrapper.framework; includeInIndex = 0; path = Pods_ALC.framework; sourceTree = BUILT_PRODUCTS_DIR; };
		1C0D0A485ABEFE095BCF0FEE /* Pods-ALC.debug.xcconfig */ = {isa = PBXFileReference; includeInIndex = 1; lastKnownFileType = text.xcconfig; name = "Pods-ALC.debug.xcconfig"; path = "Pods/Target Support Files/Pods-ALC/Pods-ALC.debug.xcconfig"; sourceTree = "<group>"; };
		4B1260861F07DDE900A17CC3 /* DataHandler.swift */ = {isa = PBXFileReference; fileEncoding = 4; lastKnownFileType = sourcecode.swift; path = DataHandler.swift; sourceTree = "<group>"; };
		4BF673991F07DD3B008D53D5 /* GoogleService-Info.plist */ = {isa = PBXFileReference; fileEncoding = 4; lastKnownFileType = text.plist.xml; path = "GoogleService-Info.plist"; sourceTree = "<group>"; };
		5236153B6084B6BE2DCCA814 /* Pods-ALC.release.xcconfig */ = {isa = PBXFileReference; includeInIndex = 1; lastKnownFileType = text.xcconfig; name = "Pods-ALC.release.xcconfig"; path = "Pods/Target Support Files/Pods-ALC/Pods-ALC.release.xcconfig"; sourceTree = "<group>"; };
		783116D71F07D79D00397E4E /* ALC.app */ = {isa = PBXFileReference; explicitFileType = wrapper.application; includeInIndex = 0; path = ALC.app; sourceTree = BUILT_PRODUCTS_DIR; };
		783116DA1F07D79D00397E4E /* AppDelegate.swift */ = {isa = PBXFileReference; lastKnownFileType = sourcecode.swift; path = AppDelegate.swift; sourceTree = "<group>"; };
		783116DC1F07D79D00397E4E /* ViewController.swift */ = {isa = PBXFileReference; lastKnownFileType = sourcecode.swift; path = ViewController.swift; sourceTree = "<group>"; };
		783116DF1F07D79D00397E4E /* Base */ = {isa = PBXFileReference; lastKnownFileType = file.storyboard; name = Base; path = Base.lproj/Main.storyboard; sourceTree = "<group>"; };
		783116E21F07D79D00397E4E /* ALC.xcdatamodel */ = {isa = PBXFileReference; lastKnownFileType = wrapper.xcdatamodel; path = ALC.xcdatamodel; sourceTree = "<group>"; };
		783116E41F07D79D00397E4E /* Assets.xcassets */ = {isa = PBXFileReference; lastKnownFileType = folder.assetcatalog; path = Assets.xcassets; sourceTree = "<group>"; };
		783116E71F07D79D00397E4E /* Base */ = {isa = PBXFileReference; lastKnownFileType = file.storyboard; name = Base; path = Base.lproj/LaunchScreen.storyboard; sourceTree = "<group>"; };
		783116E91F07D79D00397E4E /* Info.plist */ = {isa = PBXFileReference; lastKnownFileType = text.plist.xml; path = Info.plist; sourceTree = "<group>"; };
		7838C3261F0BC49400AAAA87 /* Extensions.swift */ = {isa = PBXFileReference; fileEncoding = 4; lastKnownFileType = sourcecode.swift; path = Extensions.swift; sourceTree = "<group>"; };
		78E49AE61F0BC6C100E86B31 /* StartTutorialVC.swift */ = {isa = PBXFileReference; fileEncoding = 4; lastKnownFileType = sourcecode.swift; path = StartTutorialVC.swift; sourceTree = "<group>"; };
		78E49AE91F0BC70800E86B31 /* BaseCollectionCell.swift */ = {isa = PBXFileReference; fileEncoding = 4; lastKnownFileType = sourcecode.swift; path = BaseCollectionCell.swift; sourceTree = "<group>"; };
		78E49AEB1F0BC74D00E86B31 /* BaseTableCell.swift */ = {isa = PBXFileReference; fileEncoding = 4; lastKnownFileType = sourcecode.swift; path = BaseTableCell.swift; sourceTree = "<group>"; };
		78E49AED1F0BC77700E86B31 /* CustomTabBar.swift */ = {isa = PBXFileReference; fileEncoding = 4; lastKnownFileType = sourcecode.swift; path = CustomTabBar.swift; sourceTree = "<group>"; };
/* End PBXFileReference section */

/* Begin PBXFrameworksBuildPhase section */
		783116D41F07D79D00397E4E /* Frameworks */ = {
			isa = PBXFrameworksBuildPhase;
			buildActionMask = 2147483647;
			files = (
				BA7F2389F2C16FF95A6F69BF /* Pods_ALC.framework in Frameworks */,
			);
			runOnlyForDeploymentPostprocessing = 0;
		};
/* End PBXFrameworksBuildPhase section */

/* Begin PBXGroup section */
		4B1260851F07DDCE00A17CC3 /* Helpers */ = {
			isa = PBXGroup;
			children = (
				4B1260861F07DDE900A17CC3 /* DataHandler.swift */,
				7838C3261F0BC49400AAAA87 /* Extensions.swift */,
			);
			name = Helpers;
			sourceTree = "<group>";
		};
		783116CE1F07D79D00397E4E = {
			isa = PBXGroup;
			children = (
				783116D91F07D79D00397E4E /* ALC */,
				783116D81F07D79D00397E4E /* Products */,
				85E045355481FA6EE55F7DF9 /* Pods */,
				A44E2D62148DB3579C9BF51C /* Frameworks */,
			);
			sourceTree = "<group>";
		};
		783116D81F07D79D00397E4E /* Products */ = {
			isa = PBXGroup;
			children = (
				783116D71F07D79D00397E4E /* ALC.app */,
			);
			name = Products;
			sourceTree = "<group>";
		};
		783116D91F07D79D00397E4E /* ALC */ = {
			isa = PBXGroup;
			children = (
				783116DA1F07D79D00397E4E /* AppDelegate.swift */,
				78E49AED1F0BC77700E86B31 /* CustomTabBar.swift */,
				4B1260851F07DDCE00A17CC3 /* Helpers */,
				78E49AE81F0BC6CD00E86B31 /* Cells */,
				783116DC1F07D79D00397E4E /* ViewController.swift */,
				78E49AE61F0BC6C100E86B31 /* StartTutorialVC.swift */,
				783116DE1F07D79D00397E4E /* Main.storyboard */,
				783116E41F07D79D00397E4E /* Assets.xcassets */,
				783116E61F07D79D00397E4E /* LaunchScreen.storyboard */,
				783116E91F07D79D00397E4E /* Info.plist */,
				4BF673991F07DD3B008D53D5 /* GoogleService-Info.plist */,
				783116E11F07D79D00397E4E /* ALC.xcdatamodeld */,
			);
			path = ALC;
			sourceTree = "<group>";
		};
		78E49AE81F0BC6CD00E86B31 /* Cells */ = {
			isa = PBXGroup;
			children = (
				78E49AE91F0BC70800E86B31 /* BaseCollectionCell.swift */,
				78E49AEB1F0BC74D00E86B31 /* BaseTableCell.swift */,
			);
			name = Cells;
			sourceTree = "<group>";
		};
		85E045355481FA6EE55F7DF9 /* Pods */ = {
			isa = PBXGroup;
			children = (
				1C0D0A485ABEFE095BCF0FEE /* Pods-ALC.debug.xcconfig */,
				5236153B6084B6BE2DCCA814 /* Pods-ALC.release.xcconfig */,
			);
			name = Pods;
			sourceTree = "<group>";
		};
		A44E2D62148DB3579C9BF51C /* Frameworks */ = {
			isa = PBXGroup;
			children = (
				095A71C0D2FC9C02CAAA5C0C /* Pods_ALC.framework */,
			);
			name = Frameworks;
			sourceTree = "<group>";
		};
/* End PBXGroup section */

/* Begin PBXNativeTarget section */
		783116D61F07D79D00397E4E /* ALC */ = {
			isa = PBXNativeTarget;
			buildConfigurationList = 783116EC1F07D79D00397E4E /* Build configuration list for PBXNativeTarget "ALC" */;
			buildPhases = (
				9226EE14401F0CDB612F5A99 /* [CP] Check Pods Manifest.lock */,
				783116D31F07D79D00397E4E /* Sources */,
				783116D41F07D79D00397E4E /* Frameworks */,
				783116D51F07D79D00397E4E /* Resources */,
				D717EB759C0C191AB3826A0A /* [CP] Embed Pods Frameworks */,
				AFA076DBD38AFF87F73F791C /* [CP] Copy Pods Resources */,
			);
			buildRules = (
			);
			dependencies = (
			);
			name = ALC;
			productName = ALC;
			productReference = 783116D71F07D79D00397E4E /* ALC.app */;
			productType = "com.apple.product-type.application";
		};
/* End PBXNativeTarget section */

/* Begin PBXProject section */
		783116CF1F07D79D00397E4E /* Project object */ = {
			isa = PBXProject;
			attributes = {
				LastSwiftUpdateCheck = 0830;
				LastUpgradeCheck = 0830;
				ORGANIZATIONNAME = chibi.anward;
				TargetAttributes = {
					783116D61F07D79D00397E4E = {
						CreatedOnToolsVersion = 8.3.3;
						DevelopmentTeam = 7G7FW66Y3M;
						ProvisioningStyle = Automatic;
					};
				};
			};
			buildConfigurationList = 783116D21F07D79D00397E4E /* Build configuration list for PBXProject "ALC" */;
			compatibilityVersion = "Xcode 3.2";
			developmentRegion = English;
			hasScannedForEncodings = 0;
			knownRegions = (
				en,
				Base,
			);
			mainGroup = 783116CE1F07D79D00397E4E;
			productRefGroup = 783116D81F07D79D00397E4E /* Products */;
			projectDirPath = "";
			projectRoot = "";
			targets = (
				783116D61F07D79D00397E4E /* ALC */,
			);
		};
/* End PBXProject section */

/* Begin PBXResourcesBuildPhase section */
		783116D51F07D79D00397E4E /* Resources */ = {
			isa = PBXResourcesBuildPhase;
			buildActionMask = 2147483647;
			files = (
				783116E81F07D79D00397E4E /* LaunchScreen.storyboard in Resources */,
				4BF6739A1F07DD3B008D53D5 /* GoogleService-Info.plist in Resources */,
				783116E51F07D79D00397E4E /* Assets.xcassets in Resources */,
				783116E01F07D79D00397E4E /* Main.storyboard in Resources */,
			);
			runOnlyForDeploymentPostprocessing = 0;
		};
/* End PBXResourcesBuildPhase section */

/* Begin PBXShellScriptBuildPhase section */
		9226EE14401F0CDB612F5A99 /* [CP] Check Pods Manifest.lock */ = {
			isa = PBXShellScriptBuildPhase;
			buildActionMask = 2147483647;
			files = (
			);
			inputPaths = (
			);
			name = "[CP] Check Pods Manifest.lock";
			outputPaths = (
			);
			runOnlyForDeploymentPostprocessing = 0;
			shellPath = /bin/sh;
			shellScript = "diff \"${PODS_PODFILE_DIR_PATH}/Podfile.lock\" \"${PODS_ROOT}/Manifest.lock\" > /dev/null\nif [ $? != 0 ] ; then\n    # print error to STDERR\n    echo \"error: The sandbox is not in sync with the Podfile.lock. Run 'pod install' or update your CocoaPods installation.\" >&2\n    exit 1\nfi\n";
			showEnvVarsInLog = 0;
		};
		AFA076DBD38AFF87F73F791C /* [CP] Copy Pods Resources */ = {
			isa = PBXShellScriptBuildPhase;
			buildActionMask = 2147483647;
			files = (
			);
			inputPaths = (
			);
			name = "[CP] Copy Pods Resources";
			outputPaths = (
			);
			runOnlyForDeploymentPostprocessing = 0;
			shellPath = /bin/sh;
			shellScript = "\"${SRCROOT}/Pods/Target Support Files/Pods-ALC/Pods-ALC-resources.sh\"\n";
			showEnvVarsInLog = 0;
		};
		D717EB759C0C191AB3826A0A /* [CP] Embed Pods Frameworks */ = {
			isa = PBXShellScriptBuildPhase;
			buildActionMask = 2147483647;
			files = (
			);
			inputPaths = (
			);
			name = "[CP] Embed Pods Frameworks";
			outputPaths = (
			);
			runOnlyForDeploymentPostprocessing = 0;
			shellPath = /bin/sh;
			shellScript = "\"${SRCROOT}/Pods/Target Support Files/Pods-ALC/Pods-ALC-frameworks.sh\"\n";
			showEnvVarsInLog = 0;
		};
/* End PBXShellScriptBuildPhase section */

/* Begin PBXSourcesBuildPhase section */
		783116D31F07D79D00397E4E /* Sources */ = {
			isa = PBXSourcesBuildPhase;
			buildActionMask = 2147483647;
			files = (
				7838C3271F0BC49400AAAA87 /* Extensions.swift in Sources */,
				78E49AEC1F0BC74D00E86B31 /* BaseTableCell.swift in Sources */,
				4B1260871F07DDE900A17CC3 /* DataHandler.swift in Sources */,
				783116DD1F07D79D00397E4E /* ViewController.swift in Sources */,
				78E49AEE1F0BC77700E86B31 /* CustomTabBar.swift in Sources */,
				783116DB1F07D79D00397E4E /* AppDelegate.swift in Sources */,
				783116E31F07D79D00397E4E /* ALC.xcdatamodeld in Sources */,
				78E49AE71F0BC6C100E86B31 /* StartTutorialVC.swift in Sources */,
				78E49AEA1F0BC70800E86B31 /* BaseCollectionCell.swift in Sources */,
			);
			runOnlyForDeploymentPostprocessing = 0;
		};
/* End PBXSourcesBuildPhase section */

/* Begin PBXVariantGroup section */
		783116DE1F07D79D00397E4E /* Main.storyboard */ = {
			isa = PBXVariantGroup;
			children = (
				783116DF1F07D79D00397E4E /* Base */,
			);
			name = Main.storyboard;
			sourceTree = "<group>";
		};
		783116E61F07D79D00397E4E /* LaunchScreen.storyboard */ = {
			isa = PBXVariantGroup;
			children = (
				783116E71F07D79D00397E4E /* Base */,
			);
			name = LaunchScreen.storyboard;
			sourceTree = "<group>";
		};
/* End PBXVariantGroup section */

/* Begin XCBuildConfiguration section */
		783116EA1F07D79D00397E4E /* Debug */ = {
			isa = XCBuildConfiguration;
			buildSettings = {
				ALWAYS_SEARCH_USER_PATHS = NO;
				CLANG_ANALYZER_NONNULL = YES;
				CLANG_ANALYZER_NUMBER_OBJECT_CONVERSION = YES_AGGRESSIVE;
				CLANG_CXX_LANGUAGE_STANDARD = "gnu++0x";
				CLANG_CXX_LIBRARY = "libc++";
				CLANG_ENABLE_MODULES = YES;
				CLANG_ENABLE_OBJC_ARC = YES;
				CLANG_WARN_BOOL_CONVERSION = YES;
				CLANG_WARN_CONSTANT_CONVERSION = YES;
				CLANG_WARN_DIRECT_OBJC_ISA_USAGE = YES_ERROR;
				CLANG_WARN_DOCUMENTATION_COMMENTS = YES;
				CLANG_WARN_EMPTY_BODY = YES;
				CLANG_WARN_ENUM_CONVERSION = YES;
				CLANG_WARN_INFINITE_RECURSION = YES;
				CLANG_WARN_INT_CONVERSION = YES;
				CLANG_WARN_OBJC_ROOT_CLASS = YES_ERROR;
				CLANG_WARN_SUSPICIOUS_MOVE = YES;
				CLANG_WARN_UNREACHABLE_CODE = YES;
				CLANG_WARN__DUPLICATE_METHOD_MATCH = YES;
				"CODE_SIGN_IDENTITY[sdk=iphoneos*]" = "iPhone Developer";
				COPY_PHASE_STRIP = NO;
				DEBUG_INFORMATION_FORMAT = dwarf;
				ENABLE_STRICT_OBJC_MSGSEND = YES;
				ENABLE_TESTABILITY = YES;
				GCC_C_LANGUAGE_STANDARD = gnu99;
				GCC_DYNAMIC_NO_PIC = NO;
				GCC_NO_COMMON_BLOCKS = YES;
				GCC_OPTIMIZATION_LEVEL = 0;
				GCC_PREPROCESSOR_DEFINITIONS = (
					"DEBUG=1",
					"$(inherited)",
				);
				GCC_WARN_64_TO_32_BIT_CONVERSION = YES;
				GCC_WARN_ABOUT_RETURN_TYPE = YES_ERROR;
				GCC_WARN_UNDECLARED_SELECTOR = YES;
				GCC_WARN_UNINITIALIZED_AUTOS = YES_AGGRESSIVE;
				GCC_WARN_UNUSED_FUNCTION = YES;
				GCC_WARN_UNUSED_VARIABLE = YES;
				IPHONEOS_DEPLOYMENT_TARGET = 10.3;
				MTL_ENABLE_DEBUG_INFO = YES;
				ONLY_ACTIVE_ARCH = YES;
				SDKROOT = iphoneos;
				SWIFT_ACTIVE_COMPILATION_CONDITIONS = DEBUG;
				SWIFT_OPTIMIZATION_LEVEL = "-Onone";
				TARGETED_DEVICE_FAMILY = "1,2";
			};
			name = Debug;
		};
		783116EB1F07D79D00397E4E /* Release */ = {
			isa = XCBuildConfiguration;
			buildSettings = {
				ALWAYS_SEARCH_USER_PATHS = NO;
				CLANG_ANALYZER_NONNULL = YES;
				CLANG_ANALYZER_NUMBER_OBJECT_CONVERSION = YES_AGGRESSIVE;
				CLANG_CXX_LANGUAGE_STANDARD = "gnu++0x";
				CLANG_CXX_LIBRARY = "libc++";
				CLANG_ENABLE_MODULES = YES;
				CLANG_ENABLE_OBJC_ARC = YES;
				CLANG_WARN_BOOL_CONVERSION = YES;
				CLANG_WARN_CONSTANT_CONVERSION = YES;
				CLANG_WARN_DIRECT_OBJC_ISA_USAGE = YES_ERROR;
				CLANG_WARN_DOCUMENTATION_COMMENTS = YES;
				CLANG_WARN_EMPTY_BODY = YES;
				CLANG_WARN_ENUM_CONVERSION = YES;
				CLANG_WARN_INFINITE_RECURSION = YES;
				CLANG_WARN_INT_CONVERSION = YES;
				CLANG_WARN_OBJC_ROOT_CLASS = YES_ERROR;
				CLANG_WARN_SUSPICIOUS_MOVE = YES;
				CLANG_WARN_UNREACHABLE_CODE = YES;
				CLANG_WARN__DUPLICATE_METHOD_MATCH = YES;
				"CODE_SIGN_IDENTITY[sdk=iphoneos*]" = "iPhone Developer";
				COPY_PHASE_STRIP = NO;
				DEBUG_INFORMATION_FORMAT = "dwarf-with-dsym";
				ENABLE_NS_ASSERTIONS = NO;
				ENABLE_STRICT_OBJC_MSGSEND = YES;
				GCC_C_LANGUAGE_STANDARD = gnu99;
				GCC_NO_COMMON_BLOCKS = YES;
				GCC_WARN_64_TO_32_BIT_CONVERSION = YES;
				GCC_WARN_ABOUT_RETURN_TYPE = YES_ERROR;
				GCC_WARN_UNDECLARED_SELECTOR = YES;
				GCC_WARN_UNINITIALIZED_AUTOS = YES_AGGRESSIVE;
				GCC_WARN_UNUSED_FUNCTION = YES;
				GCC_WARN_UNUSED_VARIABLE = YES;
				IPHONEOS_DEPLOYMENT_TARGET = 10.3;
				MTL_ENABLE_DEBUG_INFO = NO;
				SDKROOT = iphoneos;
				SWIFT_OPTIMIZATION_LEVEL = "-Owholemodule";
				TARGETED_DEVICE_FAMILY = "1,2";
				VALIDATE_PRODUCT = YES;
			};
			name = Release;
		};
		783116ED1F07D79D00397E4E /* Debug */ = {
			isa = XCBuildConfiguration;
			baseConfigurationReference = 1C0D0A485ABEFE095BCF0FEE /* Pods-ALC.debug.xcconfig */;
			buildSettings = {
				ASSETCATALOG_COMPILER_APPICON_NAME = AppIcon;
				"CODE_SIGN_IDENTITY[sdk=iphoneos*]" = "iPhone Developer";
				DEVELOPMENT_TEAM = 7G7FW66Y3M;
				INFOPLIST_FILE = ALC/Info.plist;
				LD_RUNPATH_SEARCH_PATHS = "$(inherited) @executable_path/Frameworks";
				PRODUCT_BUNDLE_IDENTIFIER = ninja.mooi.ALC;
				PRODUCT_NAME = "$(TARGET_NAME)";
				PROVISIONING_PROFILE_SPECIFIER = "";
				SWIFT_VERSION = 3.0;
			};
			name = Debug;
		};
		783116EE1F07D79D00397E4E /* Release */ = {
			isa = XCBuildConfiguration;
			baseConfigurationReference = 5236153B6084B6BE2DCCA814 /* Pods-ALC.release.xcconfig */;
			buildSettings = {
				ASSETCATALOG_COMPILER_APPICON_NAME = AppIcon;
				"CODE_SIGN_IDENTITY[sdk=iphoneos*]" = "iPhone Developer";
				DEVELOPMENT_TEAM = 7G7FW66Y3M;
				INFOPLIST_FILE = ALC/Info.plist;
				LD_RUNPATH_SEARCH_PATHS = "$(inherited) @executable_path/Frameworks";
				PRODUCT_BUNDLE_IDENTIFIER = ninja.mooi.ALC;
				PRODUCT_NAME = "$(TARGET_NAME)";
				PROVISIONING_PROFILE_SPECIFIER = "";
				SWIFT_VERSION = 3.0;
			};
			name = Release;
		};
/* End XCBuildConfiguration section */

/* Begin XCConfigurationList section */
		783116D21F07D79D00397E4E /* Build configuration list for PBXProject "ALC" */ = {
			isa = XCConfigurationList;
			buildConfigurations = (
				783116EA1F07D79D00397E4E /* Debug */,
				783116EB1F07D79D00397E4E /* Release */,
			);
			defaultConfigurationIsVisible = 0;
			defaultConfigurationName = Release;
		};
		783116EC1F07D79D00397E4E /* Build configuration list for PBXNativeTarget "ALC" */ = {
			isa = XCConfigurationList;
			buildConfigurations = (
				783116ED1F07D79D00397E4E /* Debug */,
				783116EE1F07D79D00397E4E /* Release */,
			);
			defaultConfigurationIsVisible = 0;
			defaultConfigurationName = Release;
		};
/* End XCConfigurationList section */

/* Begin XCVersionGroup section */
		783116E11F07D79D00397E4E /* ALC.xcdatamodeld */ = {
			isa = XCVersionGroup;
			children = (
				783116E21F07D79D00397E4E /* ALC.xcdatamodel */,
			);
			currentVersion = 783116E21F07D79D00397E4E /* ALC.xcdatamodel */;
			path = ALC.xcdatamodeld;
			sourceTree = "<group>";
			versionGroupType = wrapper.xcdatamodel;
		};
/* End XCVersionGroup section */
	};
	rootObject = 783116CF1F07D79D00397E4E /* Project object */;
}
